// !$*UTF8*$!
{
	archiveVersion = 1;
	classes = {
	};
	objectVersion = 46;
	objects = {

/* Begin PBXBuildFile section */
		15D51B381D8FC82A00814D89 /* AppDelegate.swift in Sources */ = {isa = PBXBuildFile; fileRef = 15D51B371D8FC82A00814D89 /* AppDelegate.swift */; };
		15D51B3A1D8FC82A00814D89 /* ViewController.swift in Sources */ = {isa = PBXBuildFile; fileRef = 15D51B391D8FC82A00814D89 /* ViewController.swift */; };
		15D51B3D1D8FC82A00814D89 /* Main.storyboard in Resources */ = {isa = PBXBuildFile; fileRef = 15D51B3B1D8FC82A00814D89 /* Main.storyboard */; };
		15D51B3F1D8FC82A00814D89 /* Assets.xcassets in Resources */ = {isa = PBXBuildFile; fileRef = 15D51B3E1D8FC82A00814D89 /* Assets.xcassets */; };
		15D51B421D8FC82A00814D89 /* LaunchScreen.storyboard in Resources */ = {isa = PBXBuildFile; fileRef = 15D51B401D8FC82A00814D89 /* LaunchScreen.storyboard */; };
		15D51B4D1D8FC82A00814D89 /* MDB_Project_1Tests.swift in Sources */ = {isa = PBXBuildFile; fileRef = 15D51B4C1D8FC82A00814D89 /* MDB_Project_1Tests.swift */; };
		15D51B581D8FC82A00814D89 /* MDB_Project_1UITests.swift in Sources */ = {isa = PBXBuildFile; fileRef = 15D51B571D8FC82A00814D89 /* MDB_Project_1UITests.swift */; };
/* End PBXBuildFile section */

/* Begin PBXContainerItemProxy section */
		15D51B491D8FC82A00814D89 /* PBXContainerItemProxy */ = {
			isa = PBXContainerItemProxy;
			containerPortal = 15D51B2C1D8FC82A00814D89 /* Project object */;
			proxyType = 1;
			remoteGlobalIDString = 15D51B331D8FC82A00814D89;
			remoteInfo = "MDB Project 1";
		};
		15D51B541D8FC82A00814D89 /* PBXContainerItemProxy */ = {
			isa = PBXContainerItemProxy;
			containerPortal = 15D51B2C1D8FC82A00814D89 /* Project object */;
			proxyType = 1;
			remoteGlobalIDString = 15D51B331D8FC82A00814D89;
			remoteInfo = "MDB Project 1";
		};
/* End PBXContainerItemProxy section */

/* Begin PBXFileReference section */
		15D51B341D8FC82A00814D89 /* MDB Project 1.app */ = {isa = PBXFileReference; explicitFileType = wrapper.application; includeInIndex = 0; path = "MDB Project 1.app"; sourceTree = BUILT_PRODUCTS_DIR; };
		15D51B371D8FC82A00814D89 /* AppDelegate.swift */ = {isa = PBXFileReference; lastKnownFileType = sourcecode.swift; path = AppDelegate.swift; sourceTree = "<group>"; };
		15D51B391D8FC82A00814D89 /* ViewController.swift */ = {isa = PBXFileReference; lastKnownFileType = sourcecode.swift; path = ViewController.swift; sourceTree = "<group>"; };
		15D51B3C1D8FC82A00814D89 /* Base */ = {isa = PBXFileReference; lastKnownFileType = file.storyboard; name = Base; path = Base.lproj/Main.storyboard; sourceTree = "<group>"; };
		15D51B3E1D8FC82A00814D89 /* Assets.xcassets */ = {isa = PBXFileReference; lastKnownFileType = folder.assetcatalog; path = Assets.xcassets; sourceTree = "<group>"; };
		15D51B411D8FC82A00814D89 /* Base */ = {isa = PBXFileReference; lastKnownFileType = file.storyboard; name = Base; path = Base.lproj/LaunchScreen.storyboard; sourceTree = "<group>"; };
		15D51B431D8FC82A00814D89 /* Info.plist */ = {isa = PBXFileReference; lastKnownFileType = text.plist.xml; path = Info.plist; sourceTree = "<group>"; };
		15D51B481D8FC82A00814D89 /* MDB Project 1Tests.xctest */ = {isa = PBXFileReference; explicitFileType = wrapper.cfbundle; includeInIndex = 0; path = "MDB Project 1Tests.xctest"; sourceTree = BUILT_PRODUCTS_DIR; };
		15D51B4C1D8FC82A00814D89 /* MDB_Project_1Tests.swift */ = {isa = PBXFileReference; lastKnownFileType = sourcecode.swift; path = MDB_Project_1Tests.swift; sourceTree = "<group>"; };
		15D51B4E1D8FC82A00814D89 /* Info.plist */ = {isa = PBXFileReference; lastKnownFileType = text.plist.xml; path = Info.plist; sourceTree = "<group>"; };
		15D51B531D8FC82A00814D89 /* MDB Project 1UITests.xctest */ = {isa = PBXFileReference; explicitFileType = wrapper.cfbundle; includeInIndex = 0; path = "MDB Project 1UITests.xctest"; sourceTree = BUILT_PRODUCTS_DIR; };
		15D51B571D8FC82A00814D89 /* MDB_Project_1UITests.swift */ = {isa = PBXFileReference; lastKnownFileType = sourcecode.swift; path = MDB_Project_1UITests.swift; sourceTree = "<group>"; };
		15D51B591D8FC82A00814D89 /* Info.plist */ = {isa = PBXFileReference; lastKnownFileType = text.plist.xml; path = Info.plist; sourceTree = "<group>"; };
/* End PBXFileReference section */

/* Begin PBXFrameworksBuildPhase section */
		15D51B311D8FC82A00814D89 /* Frameworks */ = {
			isa = PBXFrameworksBuildPhase;
			buildActionMask = 2147483647;
			files = (
			);
			runOnlyForDeploymentPostprocessing = 0;
		};
		15D51B451D8FC82A00814D89 /* Frameworks */ = {
			isa = PBXFrameworksBuildPhase;
			buildActionMask = 2147483647;
			files = (
			);
			runOnlyForDeploymentPostprocessing = 0;
		};
		15D51B501D8FC82A00814D89 /* Frameworks */ = {
			isa = PBXFrameworksBuildPhase;
			buildActionMask = 2147483647;
			files = (
			);
			runOnlyForDeploymentPostprocessing = 0;
		};
/* End PBXFrameworksBuildPhase section */

/* Begin PBXGroup section */
		15D51B2B1D8FC82A00814D89 = {
			isa = PBXGroup;
			children = (
				15D51B361D8FC82A00814D89 /* MDB Project 1 */,
				15D51B4B1D8FC82A00814D89 /* MDB Project 1Tests */,
				15D51B561D8FC82A00814D89 /* MDB Project 1UITests */,
				15D51B351D8FC82A00814D89 /* Products */,
			);
			sourceTree = "<group>";
		};
		15D51B351D8FC82A00814D89 /* Products */ = {
			isa = PBXGroup;
			children = (
				15D51B341D8FC82A00814D89 /* MDB Project 1.app */,
				15D51B481D8FC82A00814D89 /* MDB Project 1Tests.xctest */,
				15D51B531D8FC82A00814D89 /* MDB Project 1UITests.xctest */,
			);
			name = Products;
			sourceTree = "<group>";
		};
		15D51B361D8FC82A00814D89 /* MDB Project 1 */ = {
			isa = PBXGroup;
			children = (
				15D51B371D8FC82A00814D89 /* AppDelegate.swift */,
				15D51B391D8FC82A00814D89 /* ViewController.swift */,
				15D51B3B1D8FC82A00814D89 /* Main.storyboard */,
				15D51B3E1D8FC82A00814D89 /* Assets.xcassets */,
				15D51B401D8FC82A00814D89 /* LaunchScreen.storyboard */,
				15D51B431D8FC82A00814D89 /* Info.plist */,
			);
			path = "MDB Project 1";
			sourceTree = "<group>";
		};
		15D51B4B1D8FC82A00814D89 /* MDB Project 1Tests */ = {
			isa = PBXGroup;
			children = (
				15D51B4C1D8FC82A00814D89 /* MDB_Project_1Tests.swift */,
				15D51B4E1D8FC82A00814D89 /* Info.plist */,
			);
			path = "MDB Project 1Tests";
			sourceTree = "<group>";
		};
		15D51B561D8FC82A00814D89 /* MDB Project 1UITests */ = {
			isa = PBXGroup;
			children = (
				15D51B571D8FC82A00814D89 /* MDB_Project_1UITests.swift */,
				15D51B591D8FC82A00814D89 /* Info.plist */,
			);
			path = "MDB Project 1UITests";
			sourceTree = "<group>";
		};
/* End PBXGroup section */

/* Begin PBXNativeTarget section */
		15D51B331D8FC82A00814D89 /* MDB Project 1 */ = {
			isa = PBXNativeTarget;
			buildConfigurationList = 15D51B5C1D8FC82A00814D89 /* Build configuration list for PBXNativeTarget "MDB Project 1" */;
			buildPhases = (
				15D51B301D8FC82A00814D89 /* Sources */,
				15D51B311D8FC82A00814D89 /* Frameworks */,
				15D51B321D8FC82A00814D89 /* Resources */,
			);
			buildRules = (
			);
			dependencies = (
			);
			name = "MDB Project 1";
			productName = "MDB Project 1";
			productReference = 15D51B341D8FC82A00814D89 /* MDB Project 1.app */;
			productType = "com.apple.product-type.application";
		};
		15D51B471D8FC82A00814D89 /* MDB Project 1Tests */ = {
			isa = PBXNativeTarget;
			buildConfigurationList = 15D51B5F1D8FC82A00814D89 /* Build configuration list for PBXNativeTarget "MDB Project 1Tests" */;
			buildPhases = (
				15D51B441D8FC82A00814D89 /* Sources */,
				15D51B451D8FC82A00814D89 /* Frameworks */,
				15D51B461D8FC82A00814D89 /* Resources */,
			);
			buildRules = (
			);
			dependencies = (
				15D51B4A1D8FC82A00814D89 /* PBXTargetDependency */,
			);
			name = "MDB Project 1Tests";
			productName = "MDB Project 1Tests";
			productReference = 15D51B481D8FC82A00814D89 /* MDB Project 1Tests.xctest */;
			productType = "com.apple.product-type.bundle.unit-test";
		};
		15D51B521D8FC82A00814D89 /* MDB Project 1UITests */ = {
			isa = PBXNativeTarget;
			buildConfigurationList = 15D51B621D8FC82A00814D89 /* Build configuration list for PBXNativeTarget "MDB Project 1UITests" */;
			buildPhases = (
				15D51B4F1D8FC82A00814D89 /* Sources */,
				15D51B501D8FC82A00814D89 /* Frameworks */,
				15D51B511D8FC82A00814D89 /* Resources */,
			);
			buildRules = (
			);
			dependencies = (
				15D51B551D8FC82A00814D89 /* PBXTargetDependency */,
			);
			name = "MDB Project 1UITests";
			productName = "MDB Project 1UITests";
			productReference = 15D51B531D8FC82A00814D89 /* MDB Project 1UITests.xctest */;
			productType = "com.apple.product-type.bundle.ui-testing";
		};
/* End PBXNativeTarget section */

/* Begin PBXProject section */
		15D51B2C1D8FC82A00814D89 /* Project object */ = {
			isa = PBXProject;
			attributes = {
				LastSwiftUpdateCheck = 0800;
				LastUpgradeCheck = 0800;
				ORGANIZATIONNAME = "Eliot Han";
				TargetAttributes = {
					15D51B331D8FC82A00814D89 = {
						CreatedOnToolsVersion = 8.0;
						ProvisioningStyle = Automatic;
					};
					15D51B471D8FC82A00814D89 = {
						CreatedOnToolsVersion = 8.0;
						ProvisioningStyle = Automatic;
						TestTargetID = 15D51B331D8FC82A00814D89;
					};
					15D51B521D8FC82A00814D89 = {
						CreatedOnToolsVersion = 8.0;
						ProvisioningStyle = Automatic;
						TestTargetID = 15D51B331D8FC82A00814D89;
					};
				};
			};
			buildConfigurationList = 15D51B2F1D8FC82A00814D89 /* Build configuration list for PBXProject "MDB Project 1" */;
			compatibilityVersion = "Xcode 3.2";
			developmentRegion = English;
			hasScannedForEncodings = 0;
			knownRegions = (
				en,
				Base,
			);
			mainGroup = 15D51B2B1D8FC82A00814D89;
			productRefGroup = 15D51B351D8FC82A00814D89 /* Products */;
			projectDirPath = "";
			projectRoot = "";
			targets = (
				15D51B331D8FC82A00814D89 /* MDB Project 1 */,
				15D51B471D8FC82A00814D89 /* MDB Project 1Tests */,
				15D51B521D8FC82A00814D89 /* MDB Project 1UITests */,
			);
		};
/* End PBXProject section */

/* Begin PBXResourcesBuildPhase section */
		15D51B321D8FC82A00814D89 /* Resources */ = {
			isa = PBXResourcesBuildPhase;
			buildActionMask = 2147483647;
			files = (
				15D51B421D8FC82A00814D89 /* LaunchScreen.storyboard in Resources */,
				15D51B3F1D8FC82A00814D89 /* Assets.xcassets in Resources */,
				15D51B3D1D8FC82A00814D89 /* Main.storyboard in Resources */,
			);
			runOnlyForDeploymentPostprocessing = 0;
		};
		15D51B461D8FC82A00814D89 /* Resources */ = {
			isa = PBXResourcesBuildPhase;
			buildActionMask = 2147483647;
			files = (
			);
			runOnlyForDeploymentPostprocessing = 0;
		};
		15D51B511D8FC82A00814D89 /* Resources */ = {
			isa = PBXResourcesBuildPhase;
			buildActionMask = 2147483647;
			files = (
			);
			runOnlyForDeploymentPostprocessing = 0;
		};
/* End PBXResourcesBuildPhase section */

/* Begin PBXSourcesBuildPhase section */
		15D51B301D8FC82A00814D89 /* Sources */ = {
			isa = PBXSourcesBuildPhase;
			buildActionMask = 2147483647;
			files = (
				15D51B3A1D8FC82A00814D89 /* ViewController.swift in Sources */,
				15D51B381D8FC82A00814D89 /* AppDelegate.swift in Sources */,
			);
			runOnlyForDeploymentPostprocessing = 0;
		};
		15D51B441D8FC82A00814D89 /* Sources */ = {
			isa = PBXSourcesBuildPhase;
			buildActionMask = 2147483647;
			files = (
				15D51B4D1D8FC82A00814D89 /* MDB_Project_1Tests.swift in Sources */,
			);
			runOnlyForDeploymentPostprocessing = 0;
		};
		15D51B4F1D8FC82A00814D89 /* Sources */ = {
			isa = PBXSourcesBuildPhase;
			buildActionMask = 2147483647;
			files = (
				15D51B581D8FC82A00814D89 /* MDB_Project_1UITests.swift in Sources */,
			);
			runOnlyForDeploymentPostprocessing = 0;
		};
/* End PBXSourcesBuildPhase section */

/* Begin PBXTargetDependency section */
		15D51B4A1D8FC82A00814D89 /* PBXTargetDependency */ = {
			isa = PBXTargetDependency;
			target = 15D51B331D8FC82A00814D89 /* MDB Project 1 */;
			targetProxy = 15D51B491D8FC82A00814D89 /* PBXContainerItemProxy */;
		};
		15D51B551D8FC82A00814D89 /* PBXTargetDependency */ = {
			isa = PBXTargetDependency;
			target = 15D51B331D8FC82A00814D89 /* MDB Project 1 */;
			targetProxy = 15D51B541D8FC82A00814D89 /* PBXContainerItemProxy */;
		};
/* End PBXTargetDependency section */

/* Begin PBXVariantGroup section */
		15D51B3B1D8FC82A00814D89 /* Main.storyboard */ = {
			isa = PBXVariantGroup;
			children = (
				15D51B3C1D8FC82A00814D89 /* Base */,
			);
			name = Main.storyboard;
			sourceTree = "<group>";
		};
		15D51B401D8FC82A00814D89 /* LaunchScreen.storyboard */ = {
			isa = PBXVariantGroup;
			children = (
				15D51B411D8FC82A00814D89 /* Base */,
			);
			name = LaunchScreen.storyboard;
			sourceTree = "<group>";
		};
/* End PBXVariantGroup section */

/* Begin XCBuildConfiguration section */
		15D51B5A1D8FC82A00814D89 /* Debug */ = {
			isa = XCBuildConfiguration;
			buildSettings = {
				ALWAYS_SEARCH_USER_PATHS = NO;
				CLANG_ANALYZER_NONNULL = YES;
				CLANG_CXX_LANGUAGE_STANDARD = "gnu++0x";
				CLANG_CXX_LIBRARY = "libc++";
				CLANG_ENABLE_MODULES = YES;
				CLANG_ENABLE_OBJC_ARC = YES;
				CLANG_WARN_BOOL_CONVERSION = YES;
				CLANG_WARN_CONSTANT_CONVERSION = YES;
				CLANG_WARN_DIRECT_OBJC_ISA_USAGE = YES_ERROR;
				CLANG_WARN_DOCUMENTATION_COMMENTS = YES;
				CLANG_WARN_EMPTY_BODY = YES;
				CLANG_WARN_ENUM_CONVERSION = YES;
				CLANG_WARN_INFINITE_RECURSION = YES;
				CLANG_WARN_INT_CONVERSION = YES;
				CLANG_WARN_OBJC_ROOT_CLASS = YES_ERROR;
				CLANG_WARN_SUSPICIOUS_MOVES = YES;
				CLANG_WARN_UNREACHABLE_CODE = YES;
				CLANG_WARN__DUPLICATE_METHOD_MATCH = YES;
				"CODE_SIGN_IDENTITY[sdk=iphoneos*]" = "iPhone Developer";
				COPY_PHASE_STRIP = NO;
				DEBUG_INFORMATION_FORMAT = dwarf;
				ENABLE_STRICT_OBJC_MSGSEND = YES;
				ENABLE_TESTABILITY = YES;
				GCC_C_LANGUAGE_STANDARD = gnu99;
				GCC_DYNAMIC_NO_PIC = NO;
				GCC_NO_COMMON_BLOCKS = YES;
				GCC_OPTIMIZATION_LEVEL = 0;
				GCC_PREPROCESSOR_DEFINITIONS = (
					"DEBUG=1",
					"$(inherited)",
				);
				GCC_WARN_64_TO_32_BIT_CONVERSION = YES;
				GCC_WARN_ABOUT_RETURN_TYPE = YES_ERROR;
				GCC_WARN_UNDECLARED_SELECTOR = YES;
				GCC_WARN_UNINITIALIZED_AUTOS = YES_AGGRESSIVE;
				GCC_WARN_UNUSED_FUNCTION = YES;
				GCC_WARN_UNUSED_VARIABLE = YES;
				IPHONEOS_DEPLOYMENT_TARGET = 10.0;
				MTL_ENABLE_DEBUG_INFO = YES;
				ONLY_ACTIVE_ARCH = YES;
				SDKROOT = iphoneos;
				SWIFT_ACTIVE_COMPILATION_CONDITIONS = DEBUG;
				SWIFT_OPTIMIZATION_LEVEL = "-Onone";
				TARGETED_DEVICE_FAMILY = "1,2";
			};
			name = Debug;
		};
		15D51B5B1D8FC82A00814D89 /* Release */ = {
			isa = XCBuildConfiguration;
			buildSettings = {
				ALWAYS_SEARCH_USER_PATHS = NO;
				CLANG_ANALYZER_NONNULL = YES;
				CLANG_CXX_LANGUAGE_STANDARD = "gnu++0x";
				CLANG_CXX_LIBRARY = "libc++";
				CLANG_ENABLE_MODULES = YES;
				CLANG_ENABLE_OBJC_ARC = YES;
				CLANG_WARN_BOOL_CONVERSION = YES;
				CLANG_WARN_CONSTANT_CONVERSION = YES;
				CLANG_WARN_DIRECT_OBJC_ISA_USAGE = YES_ERROR;
				CLANG_WARN_DOCUMENTATION_COMMENTS = YES;
				CLANG_WARN_EMPTY_BODY = YES;
				CLANG_WARN_ENUM_CONVERSION = YES;
				CLANG_WARN_INFINITE_RECURSION = YES;
				CLANG_WARN_INT_CONVERSION = YES;
				CLANG_WARN_OBJC_ROOT_CLASS = YES_ERROR;
				CLANG_WARN_SUSPICIOUS_MOVES = YES;
				CLANG_WARN_UNREACHABLE_CODE = YES;
				CLANG_WARN__DUPLICATE_METHOD_MATCH = YES;
				"CODE_SIGN_IDENTITY[sdk=iphoneos*]" = "iPhone Developer";
				COPY_PHASE_STRIP = NO;
				DEBUG_INFORMATION_FORMAT = "dwarf-with-dsym";
				ENABLE_NS_ASSERTIONS = NO;
				ENABLE_STRICT_OBJC_MSGSEND = YES;
				GCC_C_LANGUAGE_STANDARD = gnu99;
				GCC_NO_COMMON_BLOCKS = YES;
				GCC_WARN_64_TO_32_BIT_CONVERSION = YES;
				GCC_WARN_ABOUT_RETURN_TYPE = YES_ERROR;
				GCC_WARN_UNDECLARED_SELECTOR = YES;
				GCC_WARN_UNINITIALIZED_AUTOS = YES_AGGRESSIVE;
				GCC_WARN_UNUSED_FUNCTION = YES;
				GCC_WARN_UNUSED_VARIABLE = YES;
				IPHONEOS_DEPLOYMENT_TARGET = 10.0;
				MTL_ENABLE_DEBUG_INFO = NO;
				SDKROOT = iphoneos;
				SWIFT_OPTIMIZATION_LEVEL = "-Owholemodule";
				TARGETED_DEVICE_FAMILY = "1,2";
				VALIDATE_PRODUCT = YES;
			};
			name = Release;
		};
		15D51B5D1D8FC82A00814D89 /* Debug */ = {
			isa = XCBuildConfiguration;
			buildSettings = {
				ASSETCATALOG_COMPILER_APPICON_NAME = AppIcon;
				INFOPLIST_FILE = "MDB Project 1/Info.plist";
				LD_RUNPATH_SEARCH_PATHS = "$(inherited) @executable_path/Frameworks";
				PRODUCT_BUNDLE_IDENTIFIER = "com.eliothan.MDB-Project-1";
				PRODUCT_NAME = "$(TARGET_NAME)";
				SWIFT_VERSION = 3.0;
			};
			name = Debug;
		};
		15D51B5E1D8FC82A00814D89 /* Release */ = {
			isa = XCBuildConfiguration;
			buildSettings = {
				ASSETCATALOG_COMPILER_APPICON_NAME = AppIcon;
				INFOPLIST_FILE = "MDB Project 1/Info.plist";
				LD_RUNPATH_SEARCH_PATHS = "$(inherited) @executable_path/Frameworks";
				PRODUCT_BUNDLE_IDENTIFIER = "com.eliothan.MDB-Project-1";
				PRODUCT_NAME = "$(TARGET_NAME)";
				SWIFT_VERSION = 3.0;
			};
			name = Release;
		};
		15D51B601D8FC82A00814D89 /* Debug */ = {
			isa = XCBuildConfiguration;
			buildSettings = {
				ALWAYS_EMBED_SWIFT_STANDARD_LIBRARIES = YES;
				BUNDLE_LOADER = "$(TEST_HOST)";
				INFOPLIST_FILE = "MDB Project 1Tests/Info.plist";
				LD_RUNPATH_SEARCH_PATHS = "$(inherited) @executable_path/Frameworks @loader_path/Frameworks";
				PRODUCT_BUNDLE_IDENTIFIER = "com.eliothan.MDB-Project-1Tests";
				PRODUCT_NAME = "$(TARGET_NAME)";
				SWIFT_VERSION = 3.0;
				TEST_HOST = "$(BUILT_PRODUCTS_DIR)/MDB Project 1.app/MDB Project 1";
			};
			name = Debug;
		};
		15D51B611D8FC82A00814D89 /* Release */ = {
			isa = XCBuildConfiguration;
			buildSettings = {
				ALWAYS_EMBED_SWIFT_STANDARD_LIBRARIES = YES;
				BUNDLE_LOADER = "$(TEST_HOST)";
				INFOPLIST_FILE = "MDB Project 1Tests/Info.plist";
				LD_RUNPATH_SEARCH_PATHS = "$(inherited) @executable_path/Frameworks @loader_path/Frameworks";
				PRODUCT_BUNDLE_IDENTIFIER = "com.eliothan.MDB-Project-1Tests";
				PRODUCT_NAME = "$(TARGET_NAME)";
				SWIFT_VERSION = 3.0;
				TEST_HOST = "$(BUILT_PRODUCTS_DIR)/MDB Project 1.app/MDB Project 1";
			};
			name = Release;
		};
		15D51B631D8FC82A00814D89 /* Debug */ = {
			isa = XCBuildConfiguration;
			buildSettings = {
				ALWAYS_EMBED_SWIFT_STANDARD_LIBRARIES = YES;
				INFOPLIST_FILE = "MDB Project 1UITests/Info.plist";
				LD_RUNPATH_SEARCH_PATHS = "$(inherited) @executable_path/Frameworks @loader_path/Frameworks";
				PRODUCT_BUNDLE_IDENTIFIER = "com.eliothan.MDB-Project-1UITests";
				PRODUCT_NAME = "$(TARGET_NAME)";
				SWIFT_VERSION = 3.0;
				TEST_TARGET_NAME = "MDB Project 1";
			};
			name = Debug;
		};
		15D51B641D8FC82A00814D89 /* Release */ = {
			isa = XCBuildConfiguration;
			buildSettings = {
				ALWAYS_EMBED_SWIFT_STANDARD_LIBRARIES = YES;
				INFOPLIST_FILE = "MDB Project 1UITests/Info.plist";
				LD_RUNPATH_SEARCH_PATHS = "$(inherited) @executable_path/Frameworks @loader_path/Frameworks";
				PRODUCT_BUNDLE_IDENTIFIER = "com.eliothan.MDB-Project-1UITests";
				PRODUCT_NAME = "$(TARGET_NAME)";
				SWIFT_VERSION = 3.0;
				TEST_TARGET_NAME = "MDB Project 1";
			};
			name = Release;
		};
/* End XCBuildConfiguration section */

/* Begin XCConfigurationList section */
		15D51B2F1D8FC82A00814D89 /* Build configuration list for PBXProject "MDB Project 1" */ = {
			isa = XCConfigurationList;
			buildConfigurations = (
				15D51B5A1D8FC82A00814D89 /* Debug */,
				15D51B5B1D8FC82A00814D89 /* Release */,
			);
			defaultConfigurationIsVisible = 0;
			defaultConfigurationName = Release;
		};
		15D51B5C1D8FC82A00814D89 /* Build configuration list for PBXNativeTarget "MDB Project 1" */ = {
			isa = XCConfigurationList;
			buildConfigurations = (
				15D51B5D1D8FC82A00814D89 /* Debug */,
				15D51B5E1D8FC82A00814D89 /* Release */,
			);
			defaultConfigurationIsVisible = 0;
		};
		15D51B5F1D8FC82A00814D89 /* Build configuration list for PBXNativeTarget "MDB Project 1Tests" */ = {
			isa = XCConfigurationList;
			buildConfigurations = (
				15D51B601D8FC82A00814D89 /* Debug */,
				15D51B611D8FC82A00814D89 /* Release */,
			);
			defaultConfigurationIsVisible = 0;
		};
		15D51B621D8FC82A00814D89 /* Build configuration list for PBXNativeTarget "MDB Project 1UITests" */ = {
			isa = XCConfigurationList;
			buildConfigurations = (
				15D51B631D8FC82A00814D89 /* Debug */,
				15D51B641D8FC82A00814D89 /* Release */,
			);
			defaultConfigurationIsVisible = 0;
		};
/* End XCConfigurationList section */
	};
	rootObject = 15D51B2C1D8FC82A00814D89 /* Project object */;
}
