// !$*UTF8*$!
{
	archiveVersion = 1;
	classes = {
	};
	objectVersion = 46;
	objects = {

/* Begin PBXBuildFile section */
		323D29561DB8C5170020CE7B /* User.swift in Sources */ = {isa = PBXBuildFile; fileRef = 323D29551DB8C5170020CE7B /* User.swift */; };
		323D29581DB8C5400020CE7B /* Social.swift in Sources */ = {isa = PBXBuildFile; fileRef = 323D29571DB8C5400020CE7B /* Social.swift */; };
		323D295A1DB8C5600020CE7B /* Constants.swift in Sources */ = {isa = PBXBuildFile; fileRef = 323D29591DB8C5600020CE7B /* Constants.swift */; };
		323D295C1DB8C57D0020CE7B /* MDBSocialUtils.swift in Sources */ = {isa = PBXBuildFile; fileRef = 323D295B1DB8C57D0020CE7B /* MDBSocialUtils.swift */; };
		327F99DF1DA4BFE90042DF55 /* SignUpViewController.swift in Sources */ = {isa = PBXBuildFile; fileRef = 327F99DE1DA4BFE90042DF55 /* SignUpViewController.swift */; };
		327F99E11DA4C0060042DF55 /* FeedViewController.swift in Sources */ = {isa = PBXBuildFile; fileRef = 327F99E01DA4C0050042DF55 /* FeedViewController.swift */; };
		327F99E31DA4C0120042DF55 /* NewSocialViewController.swift in Sources */ = {isa = PBXBuildFile; fileRef = 327F99E21DA4C0120042DF55 /* NewSocialViewController.swift */; };
		32AD66761DAF5514004F8BA5 /* ImageTableViewCell.swift in Sources */ = {isa = PBXBuildFile; fileRef = 32AD66751DAF5514004F8BA5 /* ImageTableViewCell.swift */; };
		3FE6333643E80041694CA8F5 /* Pods_Virindly.framework in Frameworks */ = {isa = PBXBuildFile; fileRef = 3025217A477989DD8F144016 /* Pods_Virindly.framework */; };
		B64DE2FE1DA1909A0055FA01 /* AppDelegate.swift in Sources */ = {isa = PBXBuildFile; fileRef = B64DE2FD1DA1909A0055FA01 /* AppDelegate.swift */; };
		B64DE3001DA1909A0055FA01 /* LoginViewController.swift in Sources */ = {isa = PBXBuildFile; fileRef = B64DE2FF1DA1909A0055FA01 /* LoginViewController.swift */; };
		B64DE3031DA1909A0055FA01 /* Main.storyboard in Resources */ = {isa = PBXBuildFile; fileRef = B64DE3011DA1909A0055FA01 /* Main.storyboard */; };
		B64DE3051DA1909A0055FA01 /* Assets.xcassets in Resources */ = {isa = PBXBuildFile; fileRef = B64DE3041DA1909A0055FA01 /* Assets.xcassets */; };
		B64DE3081DA1909A0055FA01 /* LaunchScreen.storyboard in Resources */ = {isa = PBXBuildFile; fileRef = B64DE3061DA1909A0055FA01 /* LaunchScreen.storyboard */; };
		B64DE3121DA19DA50055FA01 /* GoogleService-Info.plist in Resources */ = {isa = PBXBuildFile; fileRef = B64DE3111DA19DA50055FA01 /* GoogleService-Info.plist */; };
		B67C8DBC1DB07A4A0063EEF3 /* AppState.swift in Sources */ = {isa = PBXBuildFile; fileRef = B67C8DBB1DB07A4A0063EEF3 /* AppState.swift */; };
/* End PBXBuildFile section */

/* Begin PBXFileReference section */
		0B74379702CB8882239CBE98 /* Pods-Virindly.release.xcconfig */ = {isa = PBXFileReference; includeInIndex = 1; lastKnownFileType = text.xcconfig; name = "Pods-Virindly.release.xcconfig"; path = "Pods/Target Support Files/Pods-Virindly/Pods-Virindly.release.xcconfig"; sourceTree = "<group>"; };
		3025217A477989DD8F144016 /* Pods_Virindly.framework */ = {isa = PBXFileReference; explicitFileType = wrapper.framework; includeInIndex = 0; path = Pods_Virindly.framework; sourceTree = BUILT_PRODUCTS_DIR; };
		323D29551DB8C5170020CE7B /* User.swift */ = {isa = PBXFileReference; fileEncoding = 4; lastKnownFileType = sourcecode.swift; path = User.swift; sourceTree = "<group>"; };
		323D29571DB8C5400020CE7B /* Social.swift */ = {isa = PBXFileReference; fileEncoding = 4; lastKnownFileType = sourcecode.swift; path = Social.swift; sourceTree = "<group>"; };
		323D29591DB8C5600020CE7B /* Constants.swift */ = {isa = PBXFileReference; fileEncoding = 4; lastKnownFileType = sourcecode.swift; path = Constants.swift; sourceTree = "<group>"; };
		323D295B1DB8C57D0020CE7B /* MDBSocialUtils.swift */ = {isa = PBXFileReference; fileEncoding = 4; lastKnownFileType = sourcecode.swift; path = MDBSocialUtils.swift; sourceTree = "<group>"; };
		327F99DE1DA4BFE90042DF55 /* SignUpViewController.swift */ = {isa = PBXFileReference; fileEncoding = 4; lastKnownFileType = sourcecode.swift; path = SignUpViewController.swift; sourceTree = "<group>"; };
		327F99E01DA4C0050042DF55 /* FeedViewController.swift */ = {isa = PBXFileReference; fileEncoding = 4; lastKnownFileType = sourcecode.swift; path = FeedViewController.swift; sourceTree = "<group>"; };
		327F99E21DA4C0120042DF55 /* NewSocialViewController.swift */ = {isa = PBXFileReference; fileEncoding = 4; lastKnownFileType = sourcecode.swift; path = NewSocialViewController.swift; sourceTree = "<group>"; };
		32AD66751DAF5514004F8BA5 /* ImageTableViewCell.swift */ = {isa = PBXFileReference; fileEncoding = 4; lastKnownFileType = sourcecode.swift; path = ImageTableViewCell.swift; sourceTree = "<group>"; };
		B64DE2FA1DA1909A0055FA01 /* Virindly.app */ = {isa = PBXFileReference; explicitFileType = wrapper.application; includeInIndex = 0; path = Virindly.app; sourceTree = BUILT_PRODUCTS_DIR; };
		B64DE2FD1DA1909A0055FA01 /* AppDelegate.swift */ = {isa = PBXFileReference; lastKnownFileType = sourcecode.swift; path = AppDelegate.swift; sourceTree = "<group>"; };
		B64DE2FF1DA1909A0055FA01 /* LoginViewController.swift */ = {isa = PBXFileReference; lastKnownFileType = sourcecode.swift; path = LoginViewController.swift; sourceTree = "<group>"; };
		B64DE3021DA1909A0055FA01 /* Base */ = {isa = PBXFileReference; lastKnownFileType = file.storyboard; name = Base; path = Base.lproj/Main.storyboard; sourceTree = "<group>"; };
		B64DE3041DA1909A0055FA01 /* Assets.xcassets */ = {isa = PBXFileReference; lastKnownFileType = folder.assetcatalog; path = Assets.xcassets; sourceTree = "<group>"; };
		B64DE3071DA1909A0055FA01 /* Base */ = {isa = PBXFileReference; lastKnownFileType = file.storyboard; name = Base; path = Base.lproj/LaunchScreen.storyboard; sourceTree = "<group>"; };
		B64DE3091DA1909A0055FA01 /* Info.plist */ = {isa = PBXFileReference; lastKnownFileType = text.plist.xml; path = Info.plist; sourceTree = "<group>"; };
		B64DE3111DA19DA50055FA01 /* GoogleService-Info.plist */ = {isa = PBXFileReference; fileEncoding = 4; lastKnownFileType = text.plist.xml; path = "GoogleService-Info.plist"; sourceTree = "<group>"; };
		B67C8DBA1DAF57290063EEF3 /* Virindly.entitlements */ = {isa = PBXFileReference; lastKnownFileType = text.plist.entitlements; path = Virindly.entitlements; sourceTree = "<group>"; };
		B67C8DBB1DB07A4A0063EEF3 /* AppState.swift */ = {isa = PBXFileReference; fileEncoding = 4; lastKnownFileType = sourcecode.swift; path = AppState.swift; sourceTree = "<group>"; };
		C60CB8CA7288A76AADEFCE77 /* Pods-Virindly.debug.xcconfig */ = {isa = PBXFileReference; includeInIndex = 1; lastKnownFileType = text.xcconfig; name = "Pods-Virindly.debug.xcconfig"; path = "Pods/Target Support Files/Pods-Virindly/Pods-Virindly.debug.xcconfig"; sourceTree = "<group>"; };
/* End PBXFileReference section */

/* Begin PBXFrameworksBuildPhase section */
		B64DE2F71DA1909A0055FA01 /* Frameworks */ = {
			isa = PBXFrameworksBuildPhase;
			buildActionMask = 2147483647;
			files = (
				3FE6333643E80041694CA8F5 /* Pods_Virindly.framework in Frameworks */,
			);
			runOnlyForDeploymentPostprocessing = 0;
		};
/* End PBXFrameworksBuildPhase section */

/* Begin PBXGroup section */
		131B6FF0ABC944AB4C0ABDFC /* Frameworks */ = {
			isa = PBXGroup;
			children = (
				3025217A477989DD8F144016 /* Pods_Virindly.framework */,
			);
			name = Frameworks;
			sourceTree = "<group>";
		};
		B64DE2F11DA1909A0055FA01 = {
			isa = PBXGroup;
			children = (
				B64DE2FC1DA1909A0055FA01 /* Virindly */,
				B64DE2FB1DA1909A0055FA01 /* Products */,
				E9DF4078A85986D7257ECF66 /* Pods */,
				131B6FF0ABC944AB4C0ABDFC /* Frameworks */,
			);
			sourceTree = "<group>";
		};
		B64DE2FB1DA1909A0055FA01 /* Products */ = {
			isa = PBXGroup;
			children = (
				B64DE2FA1DA1909A0055FA01 /* Virindly.app */,
			);
			name = Products;
			sourceTree = "<group>";
		};
		B64DE2FC1DA1909A0055FA01 /* Virindly */ = {
			isa = PBXGroup;
			children = (
				B67C8DBA1DAF57290063EEF3 /* Virindly.entitlements */,
				B64DE2FD1DA1909A0055FA01 /* AppDelegate.swift */,
				323D29551DB8C5170020CE7B /* User.swift */,
				323D29571DB8C5400020CE7B /* Social.swift */,
				323D29591DB8C5600020CE7B /* Constants.swift */,
				323D295B1DB8C57D0020CE7B /* MDBSocialUtils.swift */,
				B64DE2FF1DA1909A0055FA01 /* LoginViewController.swift */,
				327F99DE1DA4BFE90042DF55 /* SignUpViewController.swift */,
				327F99E01DA4C0050042DF55 /* FeedViewController.swift */,
				32AD66751DAF5514004F8BA5 /* ImageTableViewCell.swift */,
				B67C8DBB1DB07A4A0063EEF3 /* AppState.swift */,
				327F99E21DA4C0120042DF55 /* NewSocialViewController.swift */,
				B64DE3011DA1909A0055FA01 /* Main.storyboard */,
				B64DE3041DA1909A0055FA01 /* Assets.xcassets */,
				B64DE3111DA19DA50055FA01 /* GoogleService-Info.plist */,
				B64DE3061DA1909A0055FA01 /* LaunchScreen.storyboard */,
				B64DE3091DA1909A0055FA01 /* Info.plist */,
			);
			path = Virindly;
			sourceTree = "<group>";
		};
		E9DF4078A85986D7257ECF66 /* Pods */ = {
			isa = PBXGroup;
			children = (
				C60CB8CA7288A76AADEFCE77 /* Pods-Virindly.debug.xcconfig */,
				0B74379702CB8882239CBE98 /* Pods-Virindly.release.xcconfig */,
			);
			name = Pods;
			sourceTree = "<group>";
		};
/* End PBXGroup section */

/* Begin PBXNativeTarget section */
		B64DE2F91DA1909A0055FA01 /* Virindly */ = {
			isa = PBXNativeTarget;
			buildConfigurationList = B64DE30C1DA1909A0055FA01 /* Build configuration list for PBXNativeTarget "Virindly" */;
			buildPhases = (
				A4DD05DF2434F7E5419EED98 /* [CP] Check Pods Manifest.lock */,
				B64DE2F61DA1909A0055FA01 /* Sources */,
				B64DE2F71DA1909A0055FA01 /* Frameworks */,
				B64DE2F81DA1909A0055FA01 /* Resources */,
				8D7EF5F1D4436A41920F2995 /* [CP] Embed Pods Frameworks */,
				F1C421D4D40E7462340AA2E2 /* [CP] Copy Pods Resources */,
			);
			buildRules = (
			);
			dependencies = (
			);
			name = Virindly;
			productName = Virindly;
			productReference = B64DE2FA1DA1909A0055FA01 /* Virindly.app */;
			productType = "com.apple.product-type.application";
		};
/* End PBXNativeTarget section */

/* Begin PBXProject section */
		B64DE2F21DA1909A0055FA01 /* Project object */ = {
			isa = PBXProject;
			attributes = {
				LastSwiftUpdateCheck = 0800;
				LastUpgradeCheck = 0800;
				ORGANIZATIONNAME = "Ben Goldberg";
				TargetAttributes = {
					B64DE2F91DA1909A0055FA01 = {
						CreatedOnToolsVersion = 8.0;
						DevelopmentTeam = TMP75YC8SE;
						ProvisioningStyle = Automatic;
						SystemCapabilities = {
							com.apple.Keychain = {
								enabled = 1;
							};
						};
					};
				};
			};
			buildConfigurationList = B64DE2F51DA1909A0055FA01 /* Build configuration list for PBXProject "Virindly" */;
			compatibilityVersion = "Xcode 3.2";
			developmentRegion = English;
			hasScannedForEncodings = 0;
			knownRegions = (
				en,
				Base,
			);
			mainGroup = B64DE2F11DA1909A0055FA01;
			productRefGroup = B64DE2FB1DA1909A0055FA01 /* Products */;
			projectDirPath = "";
			projectRoot = "";
			targets = (
				B64DE2F91DA1909A0055FA01 /* Virindly */,
			);
		};
/* End PBXProject section */

/* Begin PBXResourcesBuildPhase section */
		B64DE2F81DA1909A0055FA01 /* Resources */ = {
			isa = PBXResourcesBuildPhase;
			buildActionMask = 2147483647;
			files = (
				B64DE3081DA1909A0055FA01 /* LaunchScreen.storyboard in Resources */,
				B64DE3121DA19DA50055FA01 /* GoogleService-Info.plist in Resources */,
				B64DE3051DA1909A0055FA01 /* Assets.xcassets in Resources */,
				B64DE3031DA1909A0055FA01 /* Main.storyboard in Resources */,
			);
			runOnlyForDeploymentPostprocessing = 0;
		};
/* End PBXResourcesBuildPhase section */

/* Begin PBXShellScriptBuildPhase section */
		8D7EF5F1D4436A41920F2995 /* [CP] Embed Pods Frameworks */ = {
			isa = PBXShellScriptBuildPhase;
			buildActionMask = 2147483647;
			files = (
			);
			inputPaths = (
			);
			name = "[CP] Embed Pods Frameworks";
			outputPaths = (
			);
			runOnlyForDeploymentPostprocessing = 0;
			shellPath = /bin/sh;
			shellScript = "\"${SRCROOT}/Pods/Target Support Files/Pods-Virindly/Pods-Virindly-frameworks.sh\"\n";
			showEnvVarsInLog = 0;
		};
		A4DD05DF2434F7E5419EED98 /* [CP] Check Pods Manifest.lock */ = {
			isa = PBXShellScriptBuildPhase;
			buildActionMask = 2147483647;
			files = (
			);
			inputPaths = (
			);
			name = "[CP] Check Pods Manifest.lock";
			outputPaths = (
			);
			runOnlyForDeploymentPostprocessing = 0;
			shellPath = /bin/sh;
			shellScript = "diff \"${PODS_ROOT}/../Podfile.lock\" \"${PODS_ROOT}/Manifest.lock\" > /dev/null\nif [ $? != 0 ] ; then\n    # print error to STDERR\n    echo \"error: The sandbox is not in sync with the Podfile.lock. Run 'pod install' or update your CocoaPods installation.\" >&2\n    exit 1\nfi\n";
			showEnvVarsInLog = 0;
		};
		F1C421D4D40E7462340AA2E2 /* [CP] Copy Pods Resources */ = {
			isa = PBXShellScriptBuildPhase;
			buildActionMask = 2147483647;
			files = (
			);
			inputPaths = (
			);
			name = "[CP] Copy Pods Resources";
			outputPaths = (
			);
			runOnlyForDeploymentPostprocessing = 0;
			shellPath = /bin/sh;
			shellScript = "\"${SRCROOT}/Pods/Target Support Files/Pods-Virindly/Pods-Virindly-resources.sh\"\n";
			showEnvVarsInLog = 0;
		};
/* End PBXShellScriptBuildPhase section */

/* Begin PBXSourcesBuildPhase section */
		B64DE2F61DA1909A0055FA01 /* Sources */ = {
			isa = PBXSourcesBuildPhase;
			buildActionMask = 2147483647;
			files = (
				327F99DF1DA4BFE90042DF55 /* SignUpViewController.swift in Sources */,
				327F99E31DA4C0120042DF55 /* NewSocialViewController.swift in Sources */,
				B67C8DBC1DB07A4A0063EEF3 /* AppState.swift in Sources */,
				B64DE3001DA1909A0055FA01 /* LoginViewController.swift in Sources */,
				323D29561DB8C5170020CE7B /* User.swift in Sources */,
				323D295A1DB8C5600020CE7B /* Constants.swift in Sources */,
				323D295C1DB8C57D0020CE7B /* MDBSocialUtils.swift in Sources */,
				32AD66761DAF5514004F8BA5 /* ImageTableViewCell.swift in Sources */,
				327F99E11DA4C0060042DF55 /* FeedViewController.swift in Sources */,
				B64DE2FE1DA1909A0055FA01 /* AppDelegate.swift in Sources */,
				323D29581DB8C5400020CE7B /* Social.swift in Sources */,
			);
			runOnlyForDeploymentPostprocessing = 0;
		};
/* End PBXSourcesBuildPhase section */

/* Begin PBXVariantGroup section */
		B64DE3011DA1909A0055FA01 /* Main.storyboard */ = {
			isa = PBXVariantGroup;
			children = (
				B64DE3021DA1909A0055FA01 /* Base */,
			);
			name = Main.storyboard;
			sourceTree = "<group>";
		};
		B64DE3061DA1909A0055FA01 /* LaunchScreen.storyboard */ = {
			isa = PBXVariantGroup;
			children = (
				B64DE3071DA1909A0055FA01 /* Base */,
			);
			name = LaunchScreen.storyboard;
			sourceTree = "<group>";
		};
/* End PBXVariantGroup section */

/* Begin XCBuildConfiguration section */
		B64DE30A1DA1909A0055FA01 /* Debug */ = {
			isa = XCBuildConfiguration;
			buildSettings = {
				ALWAYS_SEARCH_USER_PATHS = NO;
				CLANG_ANALYZER_NONNULL = YES;
				CLANG_CXX_LANGUAGE_STANDARD = "gnu++0x";
				CLANG_CXX_LIBRARY = "libc++";
				CLANG_ENABLE_MODULES = YES;
				CLANG_ENABLE_OBJC_ARC = YES;
				CLANG_WARN_BOOL_CONVERSION = YES;
				CLANG_WARN_CONSTANT_CONVERSION = YES;
				CLANG_WARN_DIRECT_OBJC_ISA_USAGE = YES_ERROR;
				CLANG_WARN_DOCUMENTATION_COMMENTS = YES;
				CLANG_WARN_EMPTY_BODY = YES;
				CLANG_WARN_ENUM_CONVERSION = YES;
				CLANG_WARN_INFINITE_RECURSION = YES;
				CLANG_WARN_INT_CONVERSION = YES;
				CLANG_WARN_OBJC_ROOT_CLASS = YES_ERROR;
				CLANG_WARN_SUSPICIOUS_MOVES = YES;
				CLANG_WARN_UNREACHABLE_CODE = YES;
				CLANG_WARN__DUPLICATE_METHOD_MATCH = YES;
				"CODE_SIGN_IDENTITY[sdk=iphoneos*]" = "iPhone Developer";
				COPY_PHASE_STRIP = NO;
				DEBUG_INFORMATION_FORMAT = dwarf;
				ENABLE_STRICT_OBJC_MSGSEND = YES;
				ENABLE_TESTABILITY = YES;
				GCC_C_LANGUAGE_STANDARD = gnu99;
				GCC_DYNAMIC_NO_PIC = NO;
				GCC_NO_COMMON_BLOCKS = YES;
				GCC_OPTIMIZATION_LEVEL = 0;
				GCC_PREPROCESSOR_DEFINITIONS = (
					"DEBUG=1",
					"$(inherited)",
				);
				GCC_WARN_64_TO_32_BIT_CONVERSION = YES;
				GCC_WARN_ABOUT_RETURN_TYPE = YES_ERROR;
				GCC_WARN_UNDECLARED_SELECTOR = YES;
				GCC_WARN_UNINITIALIZED_AUTOS = YES_AGGRESSIVE;
				GCC_WARN_UNUSED_FUNCTION = YES;
				GCC_WARN_UNUSED_VARIABLE = YES;
				IPHONEOS_DEPLOYMENT_TARGET = 10.0;
				MTL_ENABLE_DEBUG_INFO = YES;
				ONLY_ACTIVE_ARCH = YES;
				SDKROOT = iphoneos;
				SWIFT_ACTIVE_COMPILATION_CONDITIONS = DEBUG;
				SWIFT_OPTIMIZATION_LEVEL = "-Onone";
				TARGETED_DEVICE_FAMILY = "1,2";
			};
			name = Debug;
		};
		B64DE30B1DA1909A0055FA01 /* Release */ = {
			isa = XCBuildConfiguration;
			buildSettings = {
				ALWAYS_SEARCH_USER_PATHS = NO;
				CLANG_ANALYZER_NONNULL = YES;
				CLANG_CXX_LANGUAGE_STANDARD = "gnu++0x";
				CLANG_CXX_LIBRARY = "libc++";
				CLANG_ENABLE_MODULES = YES;
				CLANG_ENABLE_OBJC_ARC = YES;
				CLANG_WARN_BOOL_CONVERSION = YES;
				CLANG_WARN_CONSTANT_CONVERSION = YES;
				CLANG_WARN_DIRECT_OBJC_ISA_USAGE = YES_ERROR;
				CLANG_WARN_DOCUMENTATION_COMMENTS = YES;
				CLANG_WARN_EMPTY_BODY = YES;
				CLANG_WARN_ENUM_CONVERSION = YES;
				CLANG_WARN_INFINITE_RECURSION = YES;
				CLANG_WARN_INT_CONVERSION = YES;
				CLANG_WARN_OBJC_ROOT_CLASS = YES_ERROR;
				CLANG_WARN_SUSPICIOUS_MOVES = YES;
				CLANG_WARN_UNREACHABLE_CODE = YES;
				CLANG_WARN__DUPLICATE_METHOD_MATCH = YES;
				"CODE_SIGN_IDENTITY[sdk=iphoneos*]" = "iPhone Developer";
				COPY_PHASE_STRIP = NO;
				DEBUG_INFORMATION_FORMAT = "dwarf-with-dsym";
				ENABLE_NS_ASSERTIONS = NO;
				ENABLE_STRICT_OBJC_MSGSEND = YES;
				GCC_C_LANGUAGE_STANDARD = gnu99;
				GCC_NO_COMMON_BLOCKS = YES;
				GCC_WARN_64_TO_32_BIT_CONVERSION = YES;
				GCC_WARN_ABOUT_RETURN_TYPE = YES_ERROR;
				GCC_WARN_UNDECLARED_SELECTOR = YES;
				GCC_WARN_UNINITIALIZED_AUTOS = YES_AGGRESSIVE;
				GCC_WARN_UNUSED_FUNCTION = YES;
				GCC_WARN_UNUSED_VARIABLE = YES;
				IPHONEOS_DEPLOYMENT_TARGET = 10.0;
				MTL_ENABLE_DEBUG_INFO = NO;
				SDKROOT = iphoneos;
				SWIFT_OPTIMIZATION_LEVEL = "-Owholemodule";
				TARGETED_DEVICE_FAMILY = "1,2";
				VALIDATE_PRODUCT = YES;
			};
			name = Release;
		};
		B64DE30D1DA1909A0055FA01 /* Debug */ = {
			isa = XCBuildConfiguration;
			baseConfigurationReference = C60CB8CA7288A76AADEFCE77 /* Pods-Virindly.debug.xcconfig */;
			buildSettings = {
				ASSETCATALOG_COMPILER_APPICON_NAME = AppIcon;
				CODE_SIGN_ENTITLEMENTS = Virindly/Virindly.entitlements;
				DEVELOPMENT_TEAM = TMP75YC8SE;
				INFOPLIST_FILE = Virindly/Info.plist;
				LD_RUNPATH_SEARCH_PATHS = "$(inherited) @executable_path/Frameworks";
				PRODUCT_BUNDLE_IDENTIFIER = com.bengoldberg.Virindly;
				PRODUCT_NAME = "$(TARGET_NAME)";
				SWIFT_VERSION = 3.0;
			};
			name = Debug;
		};
		B64DE30E1DA1909A0055FA01 /* Release */ = {
			isa = XCBuildConfiguration;
			baseConfigurationReference = 0B74379702CB8882239CBE98 /* Pods-Virindly.release.xcconfig */;
			buildSettings = {
				ASSETCATALOG_COMPILER_APPICON_NAME = AppIcon;
				CODE_SIGN_ENTITLEMENTS = Virindly/Virindly.entitlements;
				DEVELOPMENT_TEAM = TMP75YC8SE;
				INFOPLIST_FILE = Virindly/Info.plist;
				LD_RUNPATH_SEARCH_PATHS = "$(inherited) @executable_path/Frameworks";
				PRODUCT_BUNDLE_IDENTIFIER = com.bengoldberg.Virindly;
				PRODUCT_NAME = "$(TARGET_NAME)";
				SWIFT_VERSION = 3.0;
			};
			name = Release;
		};
/* End XCBuildConfiguration section */

/* Begin XCConfigurationList section */
		B64DE2F51DA1909A0055FA01 /* Build configuration list for PBXProject "Virindly" */ = {
			isa = XCConfigurationList;
			buildConfigurations = (
				B64DE30A1DA1909A0055FA01 /* Debug */,
				B64DE30B1DA1909A0055FA01 /* Release */,
			);
			defaultConfigurationIsVisible = 0;
			defaultConfigurationName = Release;
		};
		B64DE30C1DA1909A0055FA01 /* Build configuration list for PBXNativeTarget "Virindly" */ = {
			isa = XCConfigurationList;
			buildConfigurations = (
				B64DE30D1DA1909A0055FA01 /* Debug */,
				B64DE30E1DA1909A0055FA01 /* Release */,
			);
			defaultConfigurationIsVisible = 0;
			defaultConfigurationName = Release;
		};
/* End XCConfigurationList section */
	};
	rootObject = B64DE2F21DA1909A0055FA01 /* Project object */;
}
